// !$*UTF8*$!
{
	archiveVersion = 1;
	classes = {
	};
	objectVersion = 50;
	objects = {

/* Begin PBXBuildFile section */
		776D85622624D75C00446C81 /* StripesView.swift in Sources */ = {isa = PBXBuildFile; fileRef = 776D85612624D75C00446C81 /* StripesView.swift */; };
		EAABA88C26247E1700392CCE /* AlignmentGuideTestApp.swift in Sources */ = {isa = PBXBuildFile; fileRef = EAABA88B26247E1700392CCE /* AlignmentGuideTestApp.swift */; };
		EAABA88E26247E1700392CCE /* AnimationView.swift in Sources */ = {isa = PBXBuildFile; fileRef = EAABA88D26247E1700392CCE /* AnimationView.swift */; };
		EAABA89026247E1900392CCE /* Assets.xcassets in Resources */ = {isa = PBXBuildFile; fileRef = EAABA88F26247E1900392CCE /* Assets.xcassets */; };
		EAABA89326247E1900392CCE /* Preview Assets.xcassets in Resources */ = {isa = PBXBuildFile; fileRef = EAABA89226247E1900392CCE /* Preview Assets.xcassets */; };
		EAABA89C262483C400392CCE /* SplitView.swift in Sources */ = {isa = PBXBuildFile; fileRef = EAABA89B262483C400392CCE /* SplitView.swift */; };
		EAC0EFEC26248D79008ABFA6 /* LearningTool.swift in Sources */ = {isa = PBXBuildFile; fileRef = EAC0EFEB26248D79008ABFA6 /* LearningTool.swift */; };
/* End PBXBuildFile section */

/* Begin PBXFileReference section */
		776D85612624D75C00446C81 /* StripesView.swift */ = {isa = PBXFileReference; lastKnownFileType = sourcecode.swift; path = StripesView.swift; sourceTree = "<group>"; };
		EAABA88826247E1700392CCE /* AlignmentGuideTest.app */ = {isa = PBXFileReference; explicitFileType = wrapper.application; includeInIndex = 0; path = AlignmentGuideTest.app; sourceTree = BUILT_PRODUCTS_DIR; };
		EAABA88B26247E1700392CCE /* AlignmentGuideTestApp.swift */ = {isa = PBXFileReference; lastKnownFileType = sourcecode.swift; path = AlignmentGuideTestApp.swift; sourceTree = "<group>"; };
		EAABA88D26247E1700392CCE /* AnimationView.swift */ = {isa = PBXFileReference; lastKnownFileType = sourcecode.swift; path = AnimationView.swift; sourceTree = "<group>"; };
		EAABA88F26247E1900392CCE /* Assets.xcassets */ = {isa = PBXFileReference; lastKnownFileType = folder.assetcatalog; path = Assets.xcassets; sourceTree = "<group>"; };
		EAABA89226247E1900392CCE /* Preview Assets.xcassets */ = {isa = PBXFileReference; lastKnownFileType = folder.assetcatalog; path = "Preview Assets.xcassets"; sourceTree = "<group>"; };
		EAABA89426247E1900392CCE /* Info.plist */ = {isa = PBXFileReference; lastKnownFileType = text.plist.xml; path = Info.plist; sourceTree = "<group>"; };
		EAABA89B262483C400392CCE /* SplitView.swift */ = {isa = PBXFileReference; lastKnownFileType = sourcecode.swift; path = SplitView.swift; sourceTree = "<group>"; };
		EAC0EFEB26248D79008ABFA6 /* LearningTool.swift */ = {isa = PBXFileReference; lastKnownFileType = sourcecode.swift; path = LearningTool.swift; sourceTree = "<group>"; };
/* End PBXFileReference section */

/* Begin PBXFrameworksBuildPhase section */
		EAABA88526247E1700392CCE /* Frameworks */ = {
			isa = PBXFrameworksBuildPhase;
			buildActionMask = 2147483647;
			files = (
			);
			runOnlyForDeploymentPostprocessing = 0;
		};
/* End PBXFrameworksBuildPhase section */

/* Begin PBXGroup section */
		EAABA87F26247E1700392CCE = {
			isa = PBXGroup;
			children = (
				EAABA88A26247E1700392CCE /* AlignmentGuideTest */,
				EAABA88926247E1700392CCE /* Products */,
			);
			sourceTree = "<group>";
		};
		EAABA88926247E1700392CCE /* Products */ = {
			isa = PBXGroup;
			children = (
				EAABA88826247E1700392CCE /* AlignmentGuideTest.app */,
			);
			name = Products;
			sourceTree = "<group>";
		};
		EAABA88A26247E1700392CCE /* AlignmentGuideTest */ = {
			isa = PBXGroup;
			children = (
				EAABA88B26247E1700392CCE /* AlignmentGuideTestApp.swift */,
				EAABA88D26247E1700392CCE /* AnimationView.swift */,
				EAABA89B262483C400392CCE /* SplitView.swift */,
				EAABA88F26247E1900392CCE /* Assets.xcassets */,
				EAABA89426247E1900392CCE /* Info.plist */,
				EAABA89126247E1900392CCE /* Preview Content */,
				EAC0EFEB26248D79008ABFA6 /* LearningTool.swift */,
				776D85612624D75C00446C81 /* StripesView.swift */,
			);
			path = AlignmentGuideTest;
			sourceTree = "<group>";
		};
		EAABA89126247E1900392CCE /* Preview Content */ = {
			isa = PBXGroup;
			children = (
				EAABA89226247E1900392CCE /* Preview Assets.xcassets */,
			);
			path = "Preview Content";
			sourceTree = "<group>";
		};
/* End PBXGroup section */

/* Begin PBXNativeTarget section */
		EAABA88726247E1700392CCE /* AlignmentGuideTest */ = {
			isa = PBXNativeTarget;
			buildConfigurationList = EAABA89726247E1900392CCE /* Build configuration list for PBXNativeTarget "AlignmentGuideTest" */;
			buildPhases = (
				EAABA88426247E1700392CCE /* Sources */,
				EAABA88526247E1700392CCE /* Frameworks */,
				EAABA88626247E1700392CCE /* Resources */,
			);
			buildRules = (
			);
			dependencies = (
			);
			name = AlignmentGuideTest;
			productName = AlignmentGuideTest;
			productReference = EAABA88826247E1700392CCE /* AlignmentGuideTest.app */;
			productType = "com.apple.product-type.application";
		};
/* End PBXNativeTarget section */

/* Begin PBXProject section */
		EAABA88026247E1700392CCE /* Project object */ = {
			isa = PBXProject;
			attributes = {
				LastSwiftUpdateCheck = 1230;
				LastUpgradeCheck = 1230;
				TargetAttributes = {
					EAABA88726247E1700392CCE = {
						CreatedOnToolsVersion = 12.3;
					};
				};
			};
			buildConfigurationList = EAABA88326247E1700392CCE /* Build configuration list for PBXProject "AlignmentGuideTest" */;
			compatibilityVersion = "Xcode 9.3";
			developmentRegion = en;
			hasScannedForEncodings = 0;
			knownRegions = (
				en,
				Base,
			);
			mainGroup = EAABA87F26247E1700392CCE;
			productRefGroup = EAABA88926247E1700392CCE /* Products */;
			projectDirPath = "";
			projectRoot = "";
			targets = (
				EAABA88726247E1700392CCE /* AlignmentGuideTest */,
			);
		};
/* End PBXProject section */

/* Begin PBXResourcesBuildPhase section */
		EAABA88626247E1700392CCE /* Resources */ = {
			isa = PBXResourcesBuildPhase;
			buildActionMask = 2147483647;
			files = (
				EAABA89326247E1900392CCE /* Preview Assets.xcassets in Resources */,
				EAABA89026247E1900392CCE /* Assets.xcassets in Resources */,
			);
			runOnlyForDeploymentPostprocessing = 0;
		};
/* End PBXResourcesBuildPhase section */

/* Begin PBXSourcesBuildPhase section */
		EAABA88426247E1700392CCE /* Sources */ = {
			isa = PBXSourcesBuildPhase;
			buildActionMask = 2147483647;
			files = (
				EAABA88E26247E1700392CCE /* AnimationView.swift in Sources */,
				776D85622624D75C00446C81 /* StripesView.swift in Sources */,
				EAABA88C26247E1700392CCE /* AlignmentGuideTestApp.swift in Sources */,
				EAABA89C262483C400392CCE /* SplitView.swift in Sources */,
				EAC0EFEC26248D79008ABFA6 /* LearningTool.swift in Sources */,
			);
			runOnlyForDeploymentPostprocessing = 0;
		};
/* End PBXSourcesBuildPhase section */

/* Begin XCBuildConfiguration section */
		EAABA89526247E1900392CCE /* Debug */ = {
			isa = XCBuildConfiguration;
			buildSettings = {
				ALWAYS_SEARCH_USER_PATHS = NO;
				CLANG_ANALYZER_NONNULL = YES;
				CLANG_ANALYZER_NUMBER_OBJECT_CONVERSION = YES_AGGRESSIVE;
				CLANG_CXX_LANGUAGE_STANDARD = "gnu++14";
				CLANG_CXX_LIBRARY = "libc++";
				CLANG_ENABLE_MODULES = YES;
				CLANG_ENABLE_OBJC_ARC = YES;
				CLANG_ENABLE_OBJC_WEAK = YES;
				CLANG_WARN_BLOCK_CAPTURE_AUTORELEASING = YES;
				CLANG_WARN_BOOL_CONVERSION = YES;
				CLANG_WARN_COMMA = YES;
				CLANG_WARN_CONSTANT_CONVERSION = YES;
				CLANG_WARN_DEPRECATED_OBJC_IMPLEMENTATIONS = YES;
				CLANG_WARN_DIRECT_OBJC_ISA_USAGE = YES_ERROR;
				CLANG_WARN_DOCUMENTATION_COMMENTS = YES;
				CLANG_WARN_EMPTY_BODY = YES;
				CLANG_WARN_ENUM_CONVERSION = YES;
				CLANG_WARN_INFINITE_RECURSION = YES;
				CLANG_WARN_INT_CONVERSION = YES;
				CLANG_WARN_NON_LITERAL_NULL_CONVERSION = YES;
				CLANG_WARN_OBJC_IMPLICIT_RETAIN_SELF = YES;
				CLANG_WARN_OBJC_LITERAL_CONVERSION = YES;
				CLANG_WARN_OBJC_ROOT_CLASS = YES_ERROR;
				CLANG_WARN_QUOTED_INCLUDE_IN_FRAMEWORK_HEADER = YES;
				CLANG_WARN_RANGE_LOOP_ANALYSIS = YES;
				CLANG_WARN_STRICT_PROTOTYPES = YES;
				CLANG_WARN_SUSPICIOUS_MOVE = YES;
				CLANG_WARN_UNGUARDED_AVAILABILITY = YES_AGGRESSIVE;
				CLANG_WARN_UNREACHABLE_CODE = YES;
				CLANG_WARN__DUPLICATE_METHOD_MATCH = YES;
				COPY_PHASE_STRIP = NO;
				DEBUG_INFORMATION_FORMAT = dwarf;
				ENABLE_STRICT_OBJC_MSGSEND = YES;
				ENABLE_TESTABILITY = YES;
				GCC_C_LANGUAGE_STANDARD = gnu11;
				GCC_DYNAMIC_NO_PIC = NO;
				GCC_NO_COMMON_BLOCKS = YES;
				GCC_OPTIMIZATION_LEVEL = 0;
				GCC_PREPROCESSOR_DEFINITIONS = (
					"DEBUG=1",
					"$(inherited)",
				);
				GCC_WARN_64_TO_32_BIT_CONVERSION = YES;
				GCC_WARN_ABOUT_RETURN_TYPE = YES_ERROR;
				GCC_WARN_UNDECLARED_SELECTOR = YES;
				GCC_WARN_UNINITIALIZED_AUTOS = YES_AGGRESSIVE;
				GCC_WARN_UNUSED_FUNCTION = YES;
				GCC_WARN_UNUSED_VARIABLE = YES;
				IPHONEOS_DEPLOYMENT_TARGET = 14.3;
				MTL_ENABLE_DEBUG_INFO = INCLUDE_SOURCE;
				MTL_FAST_MATH = YES;
				ONLY_ACTIVE_ARCH = YES;
				SDKROOT = iphoneos;
				SWIFT_ACTIVE_COMPILATION_CONDITIONS = DEBUG;
				SWIFT_OPTIMIZATION_LEVEL = "-Onone";
			};
			name = Debug;
		};
		EAABA89626247E1900392CCE /* Release */ = {
			isa = XCBuildConfiguration;
			buildSettings = {
				ALWAYS_SEARCH_USER_PATHS = NO;
				CLANG_ANALYZER_NONNULL = YES;
				CLANG_ANALYZER_NUMBER_OBJECT_CONVERSION = YES_AGGRESSIVE;
				CLANG_CXX_LANGUAGE_STANDARD = "gnu++14";
				CLANG_CXX_LIBRARY = "libc++";
				CLANG_ENABLE_MODULES = YES;
				CLANG_ENABLE_OBJC_ARC = YES;
				CLANG_ENABLE_OBJC_WEAK = YES;
				CLANG_WARN_BLOCK_CAPTURE_AUTORELEASING = YES;
				CLANG_WARN_BOOL_CONVERSION = YES;
				CLANG_WARN_COMMA = YES;
				CLANG_WARN_CONSTANT_CONVERSION = YES;
				CLANG_WARN_DEPRECATED_OBJC_IMPLEMENTATIONS = YES;
				CLANG_WARN_DIRECT_OBJC_ISA_USAGE = YES_ERROR;
				CLANG_WARN_DOCUMENTATION_COMMENTS = YES;
				CLANG_WARN_EMPTY_BODY = YES;
				CLANG_WARN_ENUM_CONVERSION = YES;
				CLANG_WARN_INFINITE_RECURSION = YES;
				CLANG_WARN_INT_CONVERSION = YES;
				CLANG_WARN_NON_LITERAL_NULL_CONVERSION = YES;
				CLANG_WARN_OBJC_IMPLICIT_RETAIN_SELF = YES;
				CLANG_WARN_OBJC_LITERAL_CONVERSION = YES;
				CLANG_WARN_OBJC_ROOT_CLASS = YES_ERROR;
				CLANG_WARN_QUOTED_INCLUDE_IN_FRAMEWORK_HEADER = YES;
				CLANG_WARN_RANGE_LOOP_ANALYSIS = YES;
				CLANG_WARN_STRICT_PROTOTYPES = YES;
				CLANG_WARN_SUSPICIOUS_MOVE = YES;
				CLANG_WARN_UNGUARDED_AVAILABILITY = YES_AGGRESSIVE;
				CLANG_WARN_UNREACHABLE_CODE = YES;
				CLANG_WARN__DUPLICATE_METHOD_MATCH = YES;
				COPY_PHASE_STRIP = NO;
				DEBUG_INFORMATION_FORMAT = "dwarf-with-dsym";
				ENABLE_NS_ASSERTIONS = NO;
				ENABLE_STRICT_OBJC_MSGSEND = YES;
				GCC_C_LANGUAGE_STANDARD = gnu11;
				GCC_NO_COMMON_BLOCKS = YES;
				GCC_WARN_64_TO_32_BIT_CONVERSION = YES;
				GCC_WARN_ABOUT_RETURN_TYPE = YES_ERROR;
				GCC_WARN_UNDECLARED_SELECTOR = YES;
				GCC_WARN_UNINITIALIZED_AUTOS = YES_AGGRESSIVE;
				GCC_WARN_UNUSED_FUNCTION = YES;
				GCC_WARN_UNUSED_VARIABLE = YES;
				IPHONEOS_DEPLOYMENT_TARGET = 14.3;
				MTL_ENABLE_DEBUG_INFO = NO;
				MTL_FAST_MATH = YES;
				SDKROOT = iphoneos;
				SWIFT_COMPILATION_MODE = wholemodule;
				SWIFT_OPTIMIZATION_LEVEL = "-O";
				VALIDATE_PRODUCT = YES;
			};
			name = Release;
		};
		EAABA89826247E1900392CCE /* Debug */ = {
			isa = XCBuildConfiguration;
			buildSettings = {
				ASSETCATALOG_COMPILER_APPICON_NAME = AppIcon;
				ASSETCATALOG_COMPILER_GLOBAL_ACCENT_COLOR_NAME = AccentColor;
				CODE_SIGN_STYLE = Automatic;
				DEVELOPMENT_ASSET_PATHS = "\"AlignmentGuideTest/Preview Content\"";
				ENABLE_PREVIEWS = YES;
				INFOPLIST_FILE = AlignmentGuideTest/Info.plist;
				IPHONEOS_DEPLOYMENT_TARGET = 14.0;
				LD_RUNPATH_SEARCH_PATHS = (
					"$(inherited)",
					"@executable_path/Frameworks",
				);
				PRODUCT_BUNDLE_IDENTIFIER = iOSCourse.AlignmentGuideTest;
				PRODUCT_NAME = "$(TARGET_NAME)";
				SWIFT_VERSION = 5.0;
				TARGETED_DEVICE_FAMILY = "1,2";
			};
			name = Debug;
		};
		EAABA89926247E1900392CCE /* Release */ = {
			isa = XCBuildConfiguration;
			buildSettings = {
				ASSETCATALOG_COMPILER_APPICON_NAME = AppIcon;
				ASSETCATALOG_COMPILER_GLOBAL_ACCENT_COLOR_NAME = AccentColor;
				CODE_SIGN_STYLE = Automatic;
				DEVELOPMENT_ASSET_PATHS = "\"AlignmentGuideTest/Preview Content\"";
				ENABLE_PREVIEWS = YES;
				INFOPLIST_FILE = AlignmentGuideTest/Info.plist;
				IPHONEOS_DEPLOYMENT_TARGET = 14.0;
				LD_RUNPATH_SEARCH_PATHS = (
					"$(inherited)",
					"@executable_path/Frameworks",
				);
				PRODUCT_BUNDLE_IDENTIFIER = iOSCourse.AlignmentGuideTest;
				PRODUCT_NAME = "$(TARGET_NAME)";
				SWIFT_VERSION = 5.0;
				TARGETED_DEVICE_FAMILY = "1,2";
			};
			name = Release;
		};
/* End XCBuildConfiguration section */

/* Begin XCConfigurationList section */
		EAABA88326247E1700392CCE /* Build configuration list for PBXProject "AlignmentGuideTest" */ = {
			isa = XCConfigurationList;
			buildConfigurations = (
				EAABA89526247E1900392CCE /* Debug */,
				EAABA89626247E1900392CCE /* Release */,
			);
			defaultConfigurationIsVisible = 0;
			defaultConfigurationName = Release;
		};
		EAABA89726247E1900392CCE /* Build configuration list for PBXNativeTarget "AlignmentGuideTest" */ = {
			isa = XCConfigurationList;
			buildConfigurations = (
				EAABA89826247E1900392CCE /* Debug */,
				EAABA89926247E1900392CCE /* Release */,
			);
			defaultConfigurationIsVisible = 0;
			defaultConfigurationName = Release;
		};
/* End XCConfigurationList section */
	};
	rootObject = EAABA88026247E1700392CCE /* Project object */;
}
